
Microsoft Visual Studio Solution File, Format Version 12.00
# Visual Studio Version 17
VisualStudioVersion = 17.7.34018.315
MinimumVisualStudioVersion = 10.0.40219.1
Project("{9A19103F-16F7-4668-BE54-9A1E7A4F7556}") = "2 глава", "ConsoleApp1\2 глава.csproj", "{C78D6450-1239-4E7B-A9A3-444573163458}"
EndProject
Project("{9A19103F-16F7-4668-BE54-9A1E7A4F7556}") = "3 глава", "3 глава\3 глава.csproj", "{118EF1BA-CEC6-4911-8570-98ED7C13A5CF}"
EndProject
Project("{9A19103F-16F7-4668-BE54-9A1E7A4F7556}") = "3.35", "3.35\3.35.csproj", "{F33A79D9-4508-43B0-945E-9A93F0F7D649}"
EndProject
Project("{9A19103F-16F7-4668-BE54-9A1E7A4F7556}") = "3 глава(1)", "3 глава(1)\3 глава(1).csproj", "{963F3F02-52B3-4972-9187-EFD8AED3FCC7}"
EndProject
Project("{FAE04EC0-301F-11D3-BF4B-00C04F79EFBC}") = "дз 06.09", "дз 06.09\дз 06.09.csproj", "{A42E44EE-6B3D-43FE-BF18-AF947E22C499}"
EndProject
Global
	GlobalSection(SolutionConfigurationPlatforms) = preSolution
		Debug|Any CPU = Debug|Any CPU
		Release|Any CPU = Release|Any CPU
	EndGlobalSection
	GlobalSection(ProjectConfigurationPlatforms) = postSolution
		{C78D6450-1239-4E7B-A9A3-444573163458}.Debug|Any CPU.ActiveCfg = Debug|Any CPU
		{C78D6450-1239-4E7B-A9A3-444573163458}.Debug|Any CPU.Build.0 = Debug|Any CPU
		{C78D6450-1239-4E7B-A9A3-444573163458}.Release|Any CPU.ActiveCfg = Release|Any CPU
		{C78D6450-1239-4E7B-A9A3-444573163458}.Release|Any CPU.Build.0 = Release|Any CPU
		{118EF1BA-CEC6-4911-8570-98ED7C13A5CF}.Debug|Any CPU.ActiveCfg = Debug|Any CPU
		{118EF1BA-CEC6-4911-8570-98ED7C13A5CF}.Debug|Any CPU.Build.0 = Debug|Any CPU
		{118EF1BA-CEC6-4911-8570-98ED7C13A5CF}.Release|Any CPU.ActiveCfg = Release|Any CPU
		{118EF1BA-CEC6-4911-8570-98ED7C13A5CF}.Release|Any CPU.Build.0 = Release|Any CPU
		{F33A79D9-4508-43B0-945E-9A93F0F7D649}.Debug|Any CPU.ActiveCfg = Debug|Any CPU
		{F33A79D9-4508-43B0-945E-9A93F0F7D649}.Debug|Any CPU.Build.0 = Debug|Any CPU
		{F33A79D9-4508-43B0-945E-9A93F0F7D649}.Release|Any CPU.ActiveCfg = Release|Any CPU
		{F33A79D9-4508-43B0-945E-9A93F0F7D649}.Release|Any CPU.Build.0 = Release|Any CPU
		{963F3F02-52B3-4972-9187-EFD8AED3FCC7}.Debug|Any CPU.ActiveCfg = Debug|Any CPU
		{963F3F02-52B3-4972-9187-EFD8AED3FCC7}.Debug|Any CPU.Build.0 = Debug|Any CPU
		{963F3F02-52B3-4972-9187-EFD8AED3FCC7}.Release|Any CPU.ActiveCfg = Release|Any CPU
		{963F3F02-52B3-4972-9187-EFD8AED3FCC7}.Release|Any CPU.Build.0 = Release|Any CPU
		{A42E44EE-6B3D-43FE-BF18-AF947E22C499}.Debug|Any CPU.ActiveCfg = Debug|Any CPU
		{A42E44EE-6B3D-43FE-BF18-AF947E22C499}.Debug|Any CPU.Build.0 = Debug|Any CPU
		{A42E44EE-6B3D-43FE-BF18-AF947E22C499}.Release|Any CPU.ActiveCfg = Release|Any CPU
		{A42E44EE-6B3D-43FE-BF18-AF947E22C499}.Release|Any CPU.Build.0 = Release|Any CPU
	EndGlobalSection
	GlobalSection(SolutionProperties) = preSolution
		HideSolutionNode = FALSE
	EndGlobalSection
	GlobalSection(ExtensibilityGlobals) = postSolution
		SolutionGuid = {DA9A996E-552D-4E0A-9786-7ECCBC3BE9C6}
	EndGlobalSection
EndGlobal
