
Microsoft Visual Studio Solution File, Format Version 12.00
# Visual Studio Version 17
VisualStudioVersion = 17.7.34018.315
MinimumVisualStudioVersion = 10.0.40219.1
Project("{9A19103F-16F7-4668-BE54-9A1E7A4F7556}") = "2 глава", "ConsoleApp1\2 глава.csproj", "{C78D6450-1239-4E7B-A9A3-444573163458}"
EndProject
Global
	GlobalSection(SolutionConfigurationPlatforms) = preSolution
		Debug|Any CPU = Debug|Any CPU
		Release|Any CPU = Release|Any CPU
	EndGlobalSection
	GlobalSection(ProjectConfigurationPlatforms) = postSolution
		{C78D6450-1239-4E7B-A9A3-444573163458}.Debug|Any CPU.ActiveCfg = Debug|Any CPU
		{C78D6450-1239-4E7B-A9A3-444573163458}.Debug|Any CPU.Build.0 = Debug|Any CPU
		{C78D6450-1239-4E7B-A9A3-444573163458}.Release|Any CPU.ActiveCfg = Release|Any CPU
		{C78D6450-1239-4E7B-A9A3-444573163458}.Release|Any CPU.Build.0 = Release|Any CPU
	EndGlobalSection
	GlobalSection(SolutionProperties) = preSolution
		HideSolutionNode = FALSE
	EndGlobalSection
	GlobalSection(ExtensibilityGlobals) = postSolution
		SolutionGuid = {DA9A996E-552D-4E0A-9786-7ECCBC3BE9C6}
	EndGlobalSection
EndGlobal
